{
  "name": "storage",
  "version": "1.0.0",
  "lockfileVersion": 1,
  "requires": true,
  "dependencies": {
    "@types/node": {
      "version": "10.5.5",
      "resolved": "http://npm.caicloud.xyz/@types%2fnode/-/node-10.5.5.tgz",
      "integrity": "sha1-joTSTols13sNT3PfJ0An4xSewro=",
      "dev": true
    }
  }
}
